
Microsoft Visual Studio Solution File, Format Version 12.00
Project("{FAE04EC0-301F-11D3-BF4B-00C04F79EFBC}") = "ASDlab1", "ASDlab1\ASDlab1.csproj", "{F6FABAB0-8477-4875-9CE6-4122B1EE2D40}"
EndProject
Global
	GlobalSection(SolutionConfigurationPlatforms) = preSolution
		Debug|Any CPU = Debug|Any CPU
		Release|Any CPU = Release|Any CPU
	EndGlobalSection
	GlobalSection(ProjectConfigurationPlatforms) = postSolution
		{F6FABAB0-8477-4875-9CE6-4122B1EE2D40}.Debug|Any CPU.ActiveCfg = Debug|Any CPU
		{F6FABAB0-8477-4875-9CE6-4122B1EE2D40}.Debug|Any CPU.Build.0 = Debug|Any CPU
		{F6FABAB0-8477-4875-9CE6-4122B1EE2D40}.Release|Any CPU.ActiveCfg = Release|Any CPU
		{F6FABAB0-8477-4875-9CE6-4122B1EE2D40}.Release|Any CPU.Build.0 = Release|Any CPU
	EndGlobalSection
EndGlobal
